// !$*UTF8*$!
{
	archiveVersion = 1;
	classes = {
	};
	objectVersion = 51;
	objects = {

/* Begin PBXBuildFile section */
		9E57B3453B1B289B0660E003 /* Pods_OnboardingTutorial.framework in Frameworks */ = {isa = PBXBuildFile; fileRef = 290F9B58C99C0AFBA9A6F193 /* Pods_OnboardingTutorial.framework */; };
		A9CB32F724F020DD004191B4 /* OTTextField.swift in Sources */ = {isa = PBXBuildFile; fileRef = A9CB32F624F020DD004191B4 /* OTTextField.swift */; };
		A9CB32FB24F03550004191B4 /* OTSeparatorView.swift in Sources */ = {isa = PBXBuildFile; fileRef = A9CB32FA24F03550004191B4 /* OTSeparatorView.swift */; };
		A9CB32FD24F03A0E004191B4 /* SignUpViewController.swift in Sources */ = {isa = PBXBuildFile; fileRef = A9CB32FC24F03A0E004191B4 /* SignUpViewController.swift */; };
		A9CB32FF24F03C80004191B4 /* ResetPasswordViewController.swift in Sources */ = {isa = PBXBuildFile; fileRef = A9CB32FE24F03C80004191B4 /* ResetPasswordViewController.swift */; };
		A9CB330124F03E97004191B4 /* UIViewController+Ext.swift in Sources */ = {isa = PBXBuildFile; fileRef = A9CB330024F03E97004191B4 /* UIViewController+Ext.swift */; };
		A9CB330324F06915004191B4 /* LoginViewModel.swift in Sources */ = {isa = PBXBuildFile; fileRef = A9CB330224F06915004191B4 /* LoginViewModel.swift */; };
		A9CB330524F06922004191B4 /* SignUpViewModel.swift in Sources */ = {isa = PBXBuildFile; fileRef = A9CB330424F06921004191B4 /* SignUpViewModel.swift */; };
		A9CB330724F0692F004191B4 /* ResetPasswordViewModel.swift in Sources */ = {isa = PBXBuildFile; fileRef = A9CB330624F0692F004191B4 /* ResetPasswordViewModel.swift */; };
		A9CB330A24F06DA1004191B4 /* AuthenticationViewModel.swift in Sources */ = {isa = PBXBuildFile; fileRef = A9CB330924F06DA1004191B4 /* AuthenticationViewModel.swift */; };
		A9CB330D24F07115004191B4 /* FormViewModel.swift in Sources */ = {isa = PBXBuildFile; fileRef = A9CB330C24F07115004191B4 /* FormViewModel.swift */; };
		A9CB331324F07596004191B4 /* GoogleService-Info.plist in Resources */ = {isa = PBXBuildFile; fileRef = A9CB331224F07596004191B4 /* GoogleService-Info.plist */; };
		A9D1A82424EF9157001EAE4B /* AppDelegate.swift in Sources */ = {isa = PBXBuildFile; fileRef = A9D1A82324EF9157001EAE4B /* AppDelegate.swift */; };
		A9D1A82624EF9157001EAE4B /* SceneDelegate.swift in Sources */ = {isa = PBXBuildFile; fileRef = A9D1A82524EF9157001EAE4B /* SceneDelegate.swift */; };
		A9D1A82D24EF9158001EAE4B /* Assets.xcassets in Resources */ = {isa = PBXBuildFile; fileRef = A9D1A82C24EF9158001EAE4B /* Assets.xcassets */; };
		A9D1A83024EF9158001EAE4B /* LaunchScreen.storyboard in Resources */ = {isa = PBXBuildFile; fileRef = A9D1A82E24EF9158001EAE4B /* LaunchScreen.storyboard */; };
		A9D1A83F24EF942D001EAE4B /* LoginViewController.swift in Sources */ = {isa = PBXBuildFile; fileRef = A9D1A83E24EF942D001EAE4B /* LoginViewController.swift */; };
		A9D1A84124EF974E001EAE4B /* UIView+Ext.swift in Sources */ = {isa = PBXBuildFile; fileRef = A9D1A84024EF974E001EAE4B /* UIView+Ext.swift */; };
		A9D7DC6624F07D49009CA823 /* HomeViewController.swift in Sources */ = {isa = PBXBuildFile; fileRef = A9D7DC6524F07D49009CA823 /* HomeViewController.swift */; };
/* End PBXBuildFile section */

/* Begin PBXFileReference section */
		1515D70E1A266339381A1EC7 /* Pods-OnboardingTutorial.release.xcconfig */ = {isa = PBXFileReference; includeInIndex = 1; lastKnownFileType = text.xcconfig; name = "Pods-OnboardingTutorial.release.xcconfig"; path = "Target Support Files/Pods-OnboardingTutorial/Pods-OnboardingTutorial.release.xcconfig"; sourceTree = "<group>"; };
		290F9B58C99C0AFBA9A6F193 /* Pods_OnboardingTutorial.framework */ = {isa = PBXFileReference; explicitFileType = wrapper.framework; includeInIndex = 0; path = Pods_OnboardingTutorial.framework; sourceTree = BUILT_PRODUCTS_DIR; };
		A9CB32F624F020DD004191B4 /* OTTextField.swift */ = {isa = PBXFileReference; lastKnownFileType = sourcecode.swift; path = OTTextField.swift; sourceTree = "<group>"; };
		A9CB32FA24F03550004191B4 /* OTSeparatorView.swift */ = {isa = PBXFileReference; lastKnownFileType = sourcecode.swift; path = OTSeparatorView.swift; sourceTree = "<group>"; };
		A9CB32FC24F03A0E004191B4 /* SignUpViewController.swift */ = {isa = PBXFileReference; lastKnownFileType = sourcecode.swift; path = SignUpViewController.swift; sourceTree = "<group>"; };
		A9CB32FE24F03C80004191B4 /* ResetPasswordViewController.swift */ = {isa = PBXFileReference; lastKnownFileType = sourcecode.swift; path = ResetPasswordViewController.swift; sourceTree = "<group>"; };
		A9CB330024F03E97004191B4 /* UIViewController+Ext.swift */ = {isa = PBXFileReference; lastKnownFileType = sourcecode.swift; path = "UIViewController+Ext.swift"; sourceTree = "<group>"; };
		A9CB330224F06915004191B4 /* LoginViewModel.swift */ = {isa = PBXFileReference; lastKnownFileType = sourcecode.swift; path = LoginViewModel.swift; sourceTree = "<group>"; };
		A9CB330424F06921004191B4 /* SignUpViewModel.swift */ = {isa = PBXFileReference; lastKnownFileType = sourcecode.swift; path = SignUpViewModel.swift; sourceTree = "<group>"; };
		A9CB330624F0692F004191B4 /* ResetPasswordViewModel.swift */ = {isa = PBXFileReference; lastKnownFileType = sourcecode.swift; path = ResetPasswordViewModel.swift; sourceTree = "<group>"; };
		A9CB330924F06DA1004191B4 /* AuthenticationViewModel.swift */ = {isa = PBXFileReference; lastKnownFileType = sourcecode.swift; path = AuthenticationViewModel.swift; sourceTree = "<group>"; };
		A9CB330C24F07115004191B4 /* FormViewModel.swift */ = {isa = PBXFileReference; lastKnownFileType = sourcecode.swift; path = FormViewModel.swift; sourceTree = "<group>"; };
		A9CB331224F07596004191B4 /* GoogleService-Info.plist */ = {isa = PBXFileReference; fileEncoding = 4; lastKnownFileType = text.plist.xml; path = "GoogleService-Info.plist"; sourceTree = "<group>"; };
		A9D1A82024EF9157001EAE4B /* OnboardingTutorial.app */ = {isa = PBXFileReference; explicitFileType = wrapper.application; includeInIndex = 0; path = OnboardingTutorial.app; sourceTree = BUILT_PRODUCTS_DIR; };
		A9D1A82324EF9157001EAE4B /* AppDelegate.swift */ = {isa = PBXFileReference; lastKnownFileType = sourcecode.swift; path = AppDelegate.swift; sourceTree = "<group>"; };
		A9D1A82524EF9157001EAE4B /* SceneDelegate.swift */ = {isa = PBXFileReference; lastKnownFileType = sourcecode.swift; path = SceneDelegate.swift; sourceTree = "<group>"; };
		A9D1A82C24EF9158001EAE4B /* Assets.xcassets */ = {isa = PBXFileReference; lastKnownFileType = folder.assetcatalog; path = Assets.xcassets; sourceTree = "<group>"; };
		A9D1A82F24EF9158001EAE4B /* Base */ = {isa = PBXFileReference; lastKnownFileType = file.storyboard; name = Base; path = Base.lproj/LaunchScreen.storyboard; sourceTree = "<group>"; };
		A9D1A83124EF9158001EAE4B /* Info.plist */ = {isa = PBXFileReference; lastKnownFileType = text.plist.xml; path = Info.plist; sourceTree = "<group>"; };
		A9D1A83E24EF942D001EAE4B /* LoginViewController.swift */ = {isa = PBXFileReference; lastKnownFileType = sourcecode.swift; path = LoginViewController.swift; sourceTree = "<group>"; };
		A9D1A84024EF974E001EAE4B /* UIView+Ext.swift */ = {isa = PBXFileReference; lastKnownFileType = sourcecode.swift; path = "UIView+Ext.swift"; sourceTree = "<group>"; };
		A9D7DC6524F07D49009CA823 /* HomeViewController.swift */ = {isa = PBXFileReference; lastKnownFileType = sourcecode.swift; path = HomeViewController.swift; sourceTree = "<group>"; };
		D70F9B62C58EC4A0E2DB0C21 /* Pods-OnboardingTutorial.debug.xcconfig */ = {isa = PBXFileReference; includeInIndex = 1; lastKnownFileType = text.xcconfig; name = "Pods-OnboardingTutorial.debug.xcconfig"; path = "Target Support Files/Pods-OnboardingTutorial/Pods-OnboardingTutorial.debug.xcconfig"; sourceTree = "<group>"; };
/* End PBXFileReference section */

/* Begin PBXFrameworksBuildPhase section */
		A9D1A81D24EF9157001EAE4B /* Frameworks */ = {
			isa = PBXFrameworksBuildPhase;
			buildActionMask = 2147483647;
			files = (
				9E57B3453B1B289B0660E003 /* Pods_OnboardingTutorial.framework in Frameworks */,
			);
			runOnlyForDeploymentPostprocessing = 0;
		};
/* End PBXFrameworksBuildPhase section */

/* Begin PBXGroup section */
		2FCE901E03C65E403AB19840 /* Frameworks */ = {
			isa = PBXGroup;
			children = (
				290F9B58C99C0AFBA9A6F193 /* Pods_OnboardingTutorial.framework */,
			);
			name = Frameworks;
			sourceTree = "<group>";
		};
		4A35E60CB51202DFC2D89B88 /* Pods */ = {
			isa = PBXGroup;
			children = (
				D70F9B62C58EC4A0E2DB0C21 /* Pods-OnboardingTutorial.debug.xcconfig */,
				1515D70E1A266339381A1EC7 /* Pods-OnboardingTutorial.release.xcconfig */,
			);
			path = Pods;
			sourceTree = "<group>";
		};
		A9CB330824F06D90004191B4 /* Protocols */ = {
			isa = PBXGroup;
			children = (
				A9CB330924F06DA1004191B4 /* AuthenticationViewModel.swift */,
				A9CB330C24F07115004191B4 /* FormViewModel.swift */,
			);
			path = Protocols;
			sourceTree = "<group>";
		};
		A9CB330B24F06DBA004191B4 /* Support */ = {
			isa = PBXGroup;
			children = (
				A9D1A82E24EF9158001EAE4B /* LaunchScreen.storyboard */,
				A9D1A82324EF9157001EAE4B /* AppDelegate.swift */,
				A9D1A82524EF9157001EAE4B /* SceneDelegate.swift */,
			);
			path = Support;
			sourceTree = "<group>";
		};
		A9D1A81724EF9157001EAE4B = {
			isa = PBXGroup;
			children = (
				A9D1A82224EF9157001EAE4B /* OnboardingTutorial */,
				A9D1A82124EF9157001EAE4B /* Products */,
				4A35E60CB51202DFC2D89B88 /* Pods */,
				2FCE901E03C65E403AB19840 /* Frameworks */,
			);
			sourceTree = "<group>";
		};
		A9D1A82124EF9157001EAE4B /* Products */ = {
			isa = PBXGroup;
			children = (
				A9D1A82024EF9157001EAE4B /* OnboardingTutorial.app */,
			);
			name = Products;
			sourceTree = "<group>";
		};
		A9D1A82224EF9157001EAE4B /* OnboardingTutorial */ = {
			isa = PBXGroup;
			children = (
				A9CB331224F07596004191B4 /* GoogleService-Info.plist */,
				A9D1A83124EF9158001EAE4B /* Info.plist */,
				A9D1A82C24EF9158001EAE4B /* Assets.xcassets */,
				A9D1A83824EF93D9001EAE4B /* API */,
				A9D1A83924EF93DC001EAE4B /* Controller */,
				A9D1A83C24EF93E1001EAE4B /* Model */,
				A9CB330824F06D90004191B4 /* Protocols */,
				A9CB330B24F06DBA004191B4 /* Support */,
				A9D1A83D24EF93E3001EAE4B /* Utils */,
				A9D1A83B24EF93DF001EAE4B /* View */,
				A9D1A83A24EF93DE001EAE4B /* View Model */,
			);
			path = OnboardingTutorial;
			sourceTree = "<group>";
		};
		A9D1A83824EF93D9001EAE4B /* API */ = {
			isa = PBXGroup;
			children = (
			);
			path = API;
			sourceTree = "<group>";
		};
		A9D1A83924EF93DC001EAE4B /* Controller */ = {
			isa = PBXGroup;
			children = (
				A9D1A83E24EF942D001EAE4B /* LoginViewController.swift */,
				A9CB32FE24F03C80004191B4 /* ResetPasswordViewController.swift */,
				A9CB32FC24F03A0E004191B4 /* SignUpViewController.swift */,
				A9D7DC6524F07D49009CA823 /* HomeViewController.swift */,
			);
			path = Controller;
			sourceTree = "<group>";
		};
		A9D1A83A24EF93DE001EAE4B /* View Model */ = {
			isa = PBXGroup;
			children = (
				A9CB330224F06915004191B4 /* LoginViewModel.swift */,
				A9CB330624F0692F004191B4 /* ResetPasswordViewModel.swift */,
				A9CB330424F06921004191B4 /* SignUpViewModel.swift */,
			);
			path = "View Model";
			sourceTree = "<group>";
		};
		A9D1A83B24EF93DF001EAE4B /* View */ = {
			isa = PBXGroup;
			children = (
				A9CB32FA24F03550004191B4 /* OTSeparatorView.swift */,
				A9CB32F624F020DD004191B4 /* OTTextField.swift */,
			);
			path = View;
			sourceTree = "<group>";
		};
		A9D1A83C24EF93E1001EAE4B /* Model */ = {
			isa = PBXGroup;
			children = (
			);
			path = Model;
			sourceTree = "<group>";
		};
		A9D1A83D24EF93E3001EAE4B /* Utils */ = {
			isa = PBXGroup;
			children = (
				A9D1A84024EF974E001EAE4B /* UIView+Ext.swift */,
				A9CB330024F03E97004191B4 /* UIViewController+Ext.swift */,
			);
			path = Utils;
			sourceTree = "<group>";
		};
/* End PBXGroup section */

/* Begin PBXNativeTarget section */
		A9D1A81F24EF9157001EAE4B /* OnboardingTutorial */ = {
			isa = PBXNativeTarget;
			buildConfigurationList = A9D1A83424EF9158001EAE4B /* Build configuration list for PBXNativeTarget "OnboardingTutorial" */;
			buildPhases = (
				EEA6FE0D88D2FB8F81EED04F /* [CP] Check Pods Manifest.lock */,
				A9D1A81C24EF9157001EAE4B /* Sources */,
				A9D1A81D24EF9157001EAE4B /* Frameworks */,
				A9D1A81E24EF9157001EAE4B /* Resources */,
				A9D1A83724EF92EB001EAE4B /* Swiftlint */,
				05CA0A2B2BCFE1F44907EC0C /* [CP] Embed Pods Frameworks */,
				A9721A02DD4FD6E3D56C91F2 /* [CP] Copy Pods Resources */,
			);
			buildRules = (
			);
			dependencies = (
			);
			name = OnboardingTutorial;
			productName = OnboardingTutorial;
			productReference = A9D1A82024EF9157001EAE4B /* OnboardingTutorial.app */;
			productType = "com.apple.product-type.application";
		};
/* End PBXNativeTarget section */

/* Begin PBXProject section */
		A9D1A81824EF9157001EAE4B /* Project object */ = {
			isa = PBXProject;
			attributes = {
				LastSwiftUpdateCheck = 1160;
				LastUpgradeCheck = 1160;
				ORGANIZATIONNAME = "Juan Francisco Dorado Torres";
				TargetAttributes = {
					A9D1A81F24EF9157001EAE4B = {
						CreatedOnToolsVersion = 11.6;
					};
				};
			};
			buildConfigurationList = A9D1A81B24EF9157001EAE4B /* Build configuration list for PBXProject "OnboardingTutorial" */;
			compatibilityVersion = "Xcode 9.3";
			developmentRegion = en;
			hasScannedForEncodings = 0;
			knownRegions = (
				en,
				Base,
			);
			mainGroup = A9D1A81724EF9157001EAE4B;
			productRefGroup = A9D1A82124EF9157001EAE4B /* Products */;
			projectDirPath = "";
			projectRoot = "";
			targets = (
				A9D1A81F24EF9157001EAE4B /* OnboardingTutorial */,
			);
		};
/* End PBXProject section */

/* Begin PBXResourcesBuildPhase section */
		A9D1A81E24EF9157001EAE4B /* Resources */ = {
			isa = PBXResourcesBuildPhase;
			buildActionMask = 2147483647;
			files = (
				A9D1A83024EF9158001EAE4B /* LaunchScreen.storyboard in Resources */,
				A9D1A82D24EF9158001EAE4B /* Assets.xcassets in Resources */,
				A9CB331324F07596004191B4 /* GoogleService-Info.plist in Resources */,
			);
			runOnlyForDeploymentPostprocessing = 0;
		};
/* End PBXResourcesBuildPhase section */

/* Begin PBXShellScriptBuildPhase section */
		05CA0A2B2BCFE1F44907EC0C /* [CP] Embed Pods Frameworks */ = {
			isa = PBXShellScriptBuildPhase;
			buildActionMask = 2147483647;
			files = (
			);
			inputFileListPaths = (
				"${PODS_ROOT}/Target Support Files/Pods-OnboardingTutorial/Pods-OnboardingTutorial-frameworks-${CONFIGURATION}-input-files.xcfilelist",
			);
			name = "[CP] Embed Pods Frameworks";
			outputFileListPaths = (
				"${PODS_ROOT}/Target Support Files/Pods-OnboardingTutorial/Pods-OnboardingTutorial-frameworks-${CONFIGURATION}-output-files.xcfilelist",
			);
			runOnlyForDeploymentPostprocessing = 0;
			shellPath = /bin/sh;
			shellScript = "\"${PODS_ROOT}/Target Support Files/Pods-OnboardingTutorial/Pods-OnboardingTutorial-frameworks.sh\"\n";
			showEnvVarsInLog = 0;
		};
		A9721A02DD4FD6E3D56C91F2 /* [CP] Copy Pods Resources */ = {
			isa = PBXShellScriptBuildPhase;
			buildActionMask = 2147483647;
			files = (
			);
			inputFileListPaths = (
				"${PODS_ROOT}/Target Support Files/Pods-OnboardingTutorial/Pods-OnboardingTutorial-resources-${CONFIGURATION}-input-files.xcfilelist",
			);
			name = "[CP] Copy Pods Resources";
			outputFileListPaths = (
				"${PODS_ROOT}/Target Support Files/Pods-OnboardingTutorial/Pods-OnboardingTutorial-resources-${CONFIGURATION}-output-files.xcfilelist",
			);
			runOnlyForDeploymentPostprocessing = 0;
			shellPath = /bin/sh;
			shellScript = "\"${PODS_ROOT}/Target Support Files/Pods-OnboardingTutorial/Pods-OnboardingTutorial-resources.sh\"\n";
			showEnvVarsInLog = 0;
		};
		A9D1A83724EF92EB001EAE4B /* Swiftlint */ = {
			isa = PBXShellScriptBuildPhase;
			buildActionMask = 2147483647;
			files = (
			);
			inputFileListPaths = (
			);
			inputPaths = (
			);
			name = Swiftlint;
			outputFileListPaths = (
			);
			outputPaths = (
			);
			runOnlyForDeploymentPostprocessing = 0;
			shellPath = /bin/sh;
			shellScript = "if which swiftlint >/dev/null; then\n  swiftlint\nelse\n  echo \"warning: SwiftLint not installed, download from https://github.com/realm/SwiftLint\"\nfi\n";
		};
		EEA6FE0D88D2FB8F81EED04F /* [CP] Check Pods Manifest.lock */ = {
			isa = PBXShellScriptBuildPhase;
			buildActionMask = 2147483647;
			files = (
			);
			inputFileListPaths = (
			);
			inputPaths = (
				"${PODS_PODFILE_DIR_PATH}/Podfile.lock",
				"${PODS_ROOT}/Manifest.lock",
			);
			name = "[CP] Check Pods Manifest.lock";
			outputFileListPaths = (
			);
			outputPaths = (
				"$(DERIVED_FILE_DIR)/Pods-OnboardingTutorial-checkManifestLockResult.txt",
			);
			runOnlyForDeploymentPostprocessing = 0;
			shellPath = /bin/sh;
			shellScript = "diff \"${PODS_PODFILE_DIR_PATH}/Podfile.lock\" \"${PODS_ROOT}/Manifest.lock\" > /dev/null\nif [ $? != 0 ] ; then\n    # print error to STDERR\n    echo \"error: The sandbox is not in sync with the Podfile.lock. Run 'pod install' or update your CocoaPods installation.\" >&2\n    exit 1\nfi\n# This output is used by Xcode 'outputs' to avoid re-running this script phase.\necho \"SUCCESS\" > \"${SCRIPT_OUTPUT_FILE_0}\"\n";
			showEnvVarsInLog = 0;
		};
/* End PBXShellScriptBuildPhase section */

/* Begin PBXSourcesBuildPhase section */
		A9D1A81C24EF9157001EAE4B /* Sources */ = {
			isa = PBXSourcesBuildPhase;
			buildActionMask = 2147483647;
			files = (
				A9CB32FF24F03C80004191B4 /* ResetPasswordViewController.swift in Sources */,
				A9CB32F724F020DD004191B4 /* OTTextField.swift in Sources */,
				A9CB330A24F06DA1004191B4 /* AuthenticationViewModel.swift in Sources */,
				A9CB330324F06915004191B4 /* LoginViewModel.swift in Sources */,
				A9CB330D24F07115004191B4 /* FormViewModel.swift in Sources */,
				A9D7DC6624F07D49009CA823 /* HomeViewController.swift in Sources */,
				A9CB330124F03E97004191B4 /* UIViewController+Ext.swift in Sources */,
				A9D1A83F24EF942D001EAE4B /* LoginViewController.swift in Sources */,
				A9CB32FD24F03A0E004191B4 /* SignUpViewController.swift in Sources */,
				A9CB32FB24F03550004191B4 /* OTSeparatorView.swift in Sources */,
				A9D1A84124EF974E001EAE4B /* UIView+Ext.swift in Sources */,
				A9CB330724F0692F004191B4 /* ResetPasswordViewModel.swift in Sources */,
				A9D1A82424EF9157001EAE4B /* AppDelegate.swift in Sources */,
				A9CB330524F06922004191B4 /* SignUpViewModel.swift in Sources */,
				A9D1A82624EF9157001EAE4B /* SceneDelegate.swift in Sources */,
			);
			runOnlyForDeploymentPostprocessing = 0;
		};
/* End PBXSourcesBuildPhase section */

/* Begin PBXVariantGroup section */
		A9D1A82E24EF9158001EAE4B /* LaunchScreen.storyboard */ = {
			isa = PBXVariantGroup;
			children = (
				A9D1A82F24EF9158001EAE4B /* Base */,
			);
			name = LaunchScreen.storyboard;
			sourceTree = "<group>";
		};
/* End PBXVariantGroup section */

/* Begin XCBuildConfiguration section */
		A9D1A83224EF9158001EAE4B /* Debug */ = {
			isa = XCBuildConfiguration;
			buildSettings = {
				ALWAYS_SEARCH_USER_PATHS = NO;
				CLANG_ANALYZER_NONNULL = YES;
				CLANG_ANALYZER_NUMBER_OBJECT_CONVERSION = YES_AGGRESSIVE;
				CLANG_CXX_LANGUAGE_STANDARD = "gnu++14";
				CLANG_CXX_LIBRARY = "libc++";
				CLANG_ENABLE_MODULES = YES;
				CLANG_ENABLE_OBJC_ARC = YES;
				CLANG_ENABLE_OBJC_WEAK = YES;
				CLANG_WARN_BLOCK_CAPTURE_AUTORELEASING = YES;
				CLANG_WARN_BOOL_CONVERSION = YES;
				CLANG_WARN_COMMA = YES;
				CLANG_WARN_CONSTANT_CONVERSION = YES;
				CLANG_WARN_DEPRECATED_OBJC_IMPLEMENTATIONS = YES;
				CLANG_WARN_DIRECT_OBJC_ISA_USAGE = YES_ERROR;
				CLANG_WARN_DOCUMENTATION_COMMENTS = YES;
				CLANG_WARN_EMPTY_BODY = YES;
				CLANG_WARN_ENUM_CONVERSION = YES;
				CLANG_WARN_INFINITE_RECURSION = YES;
				CLANG_WARN_INT_CONVERSION = YES;
				CLANG_WARN_NON_LITERAL_NULL_CONVERSION = YES;
				CLANG_WARN_OBJC_IMPLICIT_RETAIN_SELF = YES;
				CLANG_WARN_OBJC_LITERAL_CONVERSION = YES;
				CLANG_WARN_OBJC_ROOT_CLASS = YES_ERROR;
				CLANG_WARN_RANGE_LOOP_ANALYSIS = YES;
				CLANG_WARN_STRICT_PROTOTYPES = YES;
				CLANG_WARN_SUSPICIOUS_MOVE = YES;
				CLANG_WARN_UNGUARDED_AVAILABILITY = YES_AGGRESSIVE;
				CLANG_WARN_UNREACHABLE_CODE = YES;
				CLANG_WARN__DUPLICATE_METHOD_MATCH = YES;
				COPY_PHASE_STRIP = NO;
				DEBUG_INFORMATION_FORMAT = dwarf;
				ENABLE_STRICT_OBJC_MSGSEND = YES;
				ENABLE_TESTABILITY = YES;
				GCC_C_LANGUAGE_STANDARD = gnu11;
				GCC_DYNAMIC_NO_PIC = NO;
				GCC_NO_COMMON_BLOCKS = YES;
				GCC_OPTIMIZATION_LEVEL = 0;
				GCC_PREPROCESSOR_DEFINITIONS = (
					"DEBUG=1",
					"$(inherited)",
				);
				GCC_WARN_64_TO_32_BIT_CONVERSION = YES;
				GCC_WARN_ABOUT_RETURN_TYPE = YES_ERROR;
				GCC_WARN_UNDECLARED_SELECTOR = YES;
				GCC_WARN_UNINITIALIZED_AUTOS = YES_AGGRESSIVE;
				GCC_WARN_UNUSED_FUNCTION = YES;
				GCC_WARN_UNUSED_VARIABLE = YES;
				IPHONEOS_DEPLOYMENT_TARGET = 13.6;
				MTL_ENABLE_DEBUG_INFO = INCLUDE_SOURCE;
				MTL_FAST_MATH = YES;
				ONLY_ACTIVE_ARCH = YES;
				SDKROOT = iphoneos;
				SWIFT_ACTIVE_COMPILATION_CONDITIONS = DEBUG;
				SWIFT_OPTIMIZATION_LEVEL = "-Onone";
			};
			name = Debug;
		};
		A9D1A83324EF9158001EAE4B /* Release */ = {
			isa = XCBuildConfiguration;
			buildSettings = {
				ALWAYS_SEARCH_USER_PATHS = NO;
				CLANG_ANALYZER_NONNULL = YES;
				CLANG_ANALYZER_NUMBER_OBJECT_CONVERSION = YES_AGGRESSIVE;
				CLANG_CXX_LANGUAGE_STANDARD = "gnu++14";
				CLANG_CXX_LIBRARY = "libc++";
				CLANG_ENABLE_MODULES = YES;
				CLANG_ENABLE_OBJC_ARC = YES;
				CLANG_ENABLE_OBJC_WEAK = YES;
				CLANG_WARN_BLOCK_CAPTURE_AUTORELEASING = YES;
				CLANG_WARN_BOOL_CONVERSION = YES;
				CLANG_WARN_COMMA = YES;
				CLANG_WARN_CONSTANT_CONVERSION = YES;
				CLANG_WARN_DEPRECATED_OBJC_IMPLEMENTATIONS = YES;
				CLANG_WARN_DIRECT_OBJC_ISA_USAGE = YES_ERROR;
				CLANG_WARN_DOCUMENTATION_COMMENTS = YES;
				CLANG_WARN_EMPTY_BODY = YES;
				CLANG_WARN_ENUM_CONVERSION = YES;
				CLANG_WARN_INFINITE_RECURSION = YES;
				CLANG_WARN_INT_CONVERSION = YES;
				CLANG_WARN_NON_LITERAL_NULL_CONVERSION = YES;
				CLANG_WARN_OBJC_IMPLICIT_RETAIN_SELF = YES;
				CLANG_WARN_OBJC_LITERAL_CONVERSION = YES;
				CLANG_WARN_OBJC_ROOT_CLASS = YES_ERROR;
				CLANG_WARN_RANGE_LOOP_ANALYSIS = YES;
				CLANG_WARN_STRICT_PROTOTYPES = YES;
				CLANG_WARN_SUSPICIOUS_MOVE = YES;
				CLANG_WARN_UNGUARDED_AVAILABILITY = YES_AGGRESSIVE;
				CLANG_WARN_UNREACHABLE_CODE = YES;
				CLANG_WARN__DUPLICATE_METHOD_MATCH = YES;
				COPY_PHASE_STRIP = NO;
				DEBUG_INFORMATION_FORMAT = "dwarf-with-dsym";
				ENABLE_NS_ASSERTIONS = NO;
				ENABLE_STRICT_OBJC_MSGSEND = YES;
				GCC_C_LANGUAGE_STANDARD = gnu11;
				GCC_NO_COMMON_BLOCKS = YES;
				GCC_WARN_64_TO_32_BIT_CONVERSION = YES;
				GCC_WARN_ABOUT_RETURN_TYPE = YES_ERROR;
				GCC_WARN_UNDECLARED_SELECTOR = YES;
				GCC_WARN_UNINITIALIZED_AUTOS = YES_AGGRESSIVE;
				GCC_WARN_UNUSED_FUNCTION = YES;
				GCC_WARN_UNUSED_VARIABLE = YES;
				IPHONEOS_DEPLOYMENT_TARGET = 13.6;
				MTL_ENABLE_DEBUG_INFO = NO;
				MTL_FAST_MATH = YES;
				SDKROOT = iphoneos;
				SWIFT_COMPILATION_MODE = wholemodule;
				SWIFT_OPTIMIZATION_LEVEL = "-O";
				VALIDATE_PRODUCT = YES;
			};
			name = Release;
		};
		A9D1A83524EF9158001EAE4B /* Debug */ = {
			isa = XCBuildConfiguration;
			baseConfigurationReference = D70F9B62C58EC4A0E2DB0C21 /* Pods-OnboardingTutorial.debug.xcconfig */;
			buildSettings = {
				ASSETCATALOG_COMPILER_APPICON_NAME = AppIcon;
				CODE_SIGN_STYLE = Automatic;
				INFOPLIST_FILE = OnboardingTutorial/Info.plist;
				IPHONEOS_DEPLOYMENT_TARGET = 13.0;
				LD_RUNPATH_SEARCH_PATHS = (
					"$(inherited)",
					"@executable_path/Frameworks",
				);
				PRODUCT_BUNDLE_IDENTIFIER = com.dorado.OnboardingTutorial;
				PRODUCT_NAME = "$(TARGET_NAME)";
				SWIFT_VERSION = 5.0;
				TARGETED_DEVICE_FAMILY = "1,2";
			};
			name = Debug;
		};
		A9D1A83624EF9158001EAE4B /* Release */ = {
			isa = XCBuildConfiguration;
			baseConfigurationReference = 1515D70E1A266339381A1EC7 /* Pods-OnboardingTutorial.release.xcconfig */;
			buildSettings = {
				ASSETCATALOG_COMPILER_APPICON_NAME = AppIcon;
				CODE_SIGN_STYLE = Automatic;
				INFOPLIST_FILE = OnboardingTutorial/Info.plist;
				IPHONEOS_DEPLOYMENT_TARGET = 13.0;
				LD_RUNPATH_SEARCH_PATHS = (
					"$(inherited)",
					"@executable_path/Frameworks",
				);
				PRODUCT_BUNDLE_IDENTIFIER = com.dorado.OnboardingTutorial;
				PRODUCT_NAME = "$(TARGET_NAME)";
				SWIFT_VERSION = 5.0;
				TARGETED_DEVICE_FAMILY = "1,2";
			};
			name = Release;
		};
/* End XCBuildConfiguration section */

/* Begin XCConfigurationList section */
		A9D1A81B24EF9157001EAE4B /* Build configuration list for PBXProject "OnboardingTutorial" */ = {
			isa = XCConfigurationList;
			buildConfigurations = (
				A9D1A83224EF9158001EAE4B /* Debug */,
				A9D1A83324EF9158001EAE4B /* Release */,
			);
			defaultConfigurationIsVisible = 0;
			defaultConfigurationName = Release;
		};
		A9D1A83424EF9158001EAE4B /* Build configuration list for PBXNativeTarget "OnboardingTutorial" */ = {
			isa = XCConfigurationList;
			buildConfigurations = (
				A9D1A83524EF9158001EAE4B /* Debug */,
				A9D1A83624EF9158001EAE4B /* Release */,
			);
			defaultConfigurationIsVisible = 0;
			defaultConfigurationName = Release;
		};
/* End XCConfigurationList section */
	};
	rootObject = A9D1A81824EF9157001EAE4B /* Project object */;
}
